
Microsoft Visual Studio Solution File, Format Version 12.00
# Visual Studio Version 17
VisualStudioVersion = 17.3.32929.385
MinimumVisualStudioVersion = 10.0.40219.1
Project("{9A19103F-16F7-4668-BE54-9A1E7A4F7556}") = "Stage0", "Stage0\Stage0.csproj", "{6E77F1C8-B94D-4228-9341-C09EF9F497A0}"
EndProject
Project("{2150E333-8FDC-42A3-9474-1A3956D46DE8}") = "Solution Items", "Solution Items", "{7C945C05-8FB0-4153-AB06-E5F2062DF77C}"
	ProjectSection(SolutionItems) = preProject
		README.md = README.md
	EndProjectSection
EndProject
Project("{FAE04EC0-301F-11D3-BF4B-00C04F79EFBC}") = "DalFacade", "DalFacade\DalFacade.csproj", "{41534DBC-748A-4535-BDAD-326D4EE5E512}"
EndProject
Project("{FAE04EC0-301F-11D3-BF4B-00C04F79EFBC}") = "DalList", "DalList\DalList.csproj", "{324BE52A-4080-4A19-9D27-621D049D1807}"
EndProject
Project("{FAE04EC0-301F-11D3-BF4B-00C04F79EFBC}") = "DalTest", "DalTest\DalTest.csproj", "{3ECC3E93-7E86-46AC-B019-F76857B7CE85}"
EndProject
Global
	GlobalSection(SolutionConfigurationPlatforms) = preSolution
		Debug|Any CPU = Debug|Any CPU
		Release|Any CPU = Release|Any CPU
	EndGlobalSection
	GlobalSection(ProjectConfigurationPlatforms) = postSolution
		{6E77F1C8-B94D-4228-9341-C09EF9F497A0}.Debug|Any CPU.ActiveCfg = Debug|Any CPU
		{6E77F1C8-B94D-4228-9341-C09EF9F497A0}.Debug|Any CPU.Build.0 = Debug|Any CPU
		{6E77F1C8-B94D-4228-9341-C09EF9F497A0}.Release|Any CPU.ActiveCfg = Release|Any CPU
		{6E77F1C8-B94D-4228-9341-C09EF9F497A0}.Release|Any CPU.Build.0 = Release|Any CPU
		{41534DBC-748A-4535-BDAD-326D4EE5E512}.Debug|Any CPU.ActiveCfg = Debug|Any CPU
		{41534DBC-748A-4535-BDAD-326D4EE5E512}.Debug|Any CPU.Build.0 = Debug|Any CPU
		{41534DBC-748A-4535-BDAD-326D4EE5E512}.Release|Any CPU.ActiveCfg = Release|Any CPU
		{41534DBC-748A-4535-BDAD-326D4EE5E512}.Release|Any CPU.Build.0 = Release|Any CPU
		{324BE52A-4080-4A19-9D27-621D049D1807}.Debug|Any CPU.ActiveCfg = Debug|Any CPU
		{324BE52A-4080-4A19-9D27-621D049D1807}.Debug|Any CPU.Build.0 = Debug|Any CPU
		{324BE52A-4080-4A19-9D27-621D049D1807}.Release|Any CPU.ActiveCfg = Release|Any CPU
		{324BE52A-4080-4A19-9D27-621D049D1807}.Release|Any CPU.Build.0 = Release|Any CPU
		{3ECC3E93-7E86-46AC-B019-F76857B7CE85}.Debug|Any CPU.ActiveCfg = Debug|Any CPU
		{3ECC3E93-7E86-46AC-B019-F76857B7CE85}.Debug|Any CPU.Build.0 = Debug|Any CPU
		{3ECC3E93-7E86-46AC-B019-F76857B7CE85}.Release|Any CPU.ActiveCfg = Release|Any CPU
		{3ECC3E93-7E86-46AC-B019-F76857B7CE85}.Release|Any CPU.Build.0 = Release|Any CPU
	EndGlobalSection
	GlobalSection(SolutionProperties) = preSolution
		HideSolutionNode = FALSE
	EndGlobalSection
	GlobalSection(ExtensibilityGlobals) = postSolution
		SolutionGuid = {DE7E8921-A8F6-409A-9147-F11552ECB586}
	EndGlobalSection
EndGlobal
