
Microsoft Visual Studio Solution File, Format Version 12.00
# Visual Studio Version 17
VisualStudioVersion = 17.3.32929.385
MinimumVisualStudioVersion = 10.0.40219.1
Project("{9A19103F-16F7-4668-BE54-9A1E7A4F7556}") = "Stage0", "Stage0\Stage0.csproj", "{6E77F1C8-B94D-4228-9341-C09EF9F497A0}"
EndProject
Project("{2150E333-8FDC-42A3-9474-1A3956D46DE8}") = "Solution Items", "Solution Items", "{7C945C05-8FB0-4153-AB06-E5F2062DF77C}"
	ProjectSection(SolutionItems) = preProject
		README.md = README.md
	EndProjectSection
EndProject
Project("{9A19103F-16F7-4668-BE54-9A1E7A4F7556}") = "DalFacade", "DalFacade\DalFacade.csproj", "{41534DBC-748A-4535-BDAD-326D4EE5E512}"
EndProject
Project("{9A19103F-16F7-4668-BE54-9A1E7A4F7556}") = "DalList", "DalList\DalList.csproj", "{324BE52A-4080-4A19-9D27-621D049D1807}"
EndProject
Project("{9A19103F-16F7-4668-BE54-9A1E7A4F7556}") = "DalTest", "DalTest\DalTest.csproj", "{3ECC3E93-7E86-46AC-B019-F76857B7CE85}"
EndProject
Project("{9A19103F-16F7-4668-BE54-9A1E7A4F7556}") = "BL", "BL\BL.csproj", "{2C0F886F-E2D6-492F-8318-541D051D44AC}"
EndProject
Project("{9A19103F-16F7-4668-BE54-9A1E7A4F7556}") = "BITest", "BITest\BITest.csproj", "{B40B7AC5-103D-401D-A172-0EE0B0DDEBB9}"
EndProject
Project("{9A19103F-16F7-4668-BE54-9A1E7A4F7556}") = "PL", "PL\PL.csproj", "{7D169CAB-D1E8-49AD-8928-109298FDF023}"
EndProject
Project("{2150E333-8FDC-42A3-9474-1A3956D46DE8}") = "xml", "xml", "{B5DF45D8-DC03-436B-A9ED-AF529FFCEC85}"
	ProjectSection(SolutionItems) = preProject
		xml\dal-config.xml = xml\dal-config.xml
	EndProjectSection
EndProject
Project("{2150E333-8FDC-42A3-9474-1A3956D46DE8}") = "Images", "Images", "{DE439833-A3D9-4152-8AA2-21B935443C06}"
	ProjectSection(SolutionItems) = preProject
		Images\002950493abd0ad5dc4b2fc8c42b556a.jpg = Images\002950493abd0ad5dc4b2fc8c42b556a.jpg
		Images\0c7c135cac16b98bc0429056ab827fa9.jpg = Images\0c7c135cac16b98bc0429056ab827fa9.jpg
		Images\100000.jpg = Images\100000.jpg
		Images\100001.jpg = Images\100001.jpg
		Images\100002.jpg = Images\100002.jpg
		Images\100003.jpg = Images\100003.jpg
		Images\100004.jpg = Images\100004.jpg
		Images\100005.jpg = Images\100005.jpg
		Images\100006.jpg = Images\100006.jpg
		Images\100007.jpg = Images\100007.jpg
		Images\100008.jpg = Images\100008.jpg
		Images\100009.jpg = Images\100009.jpg
		Images\100010.jpg = Images\100010.jpg
		Images\100011.jpg = Images\100011.jpg
		Images\100012.jpg = Images\100012.jpg
		Images\100013.jpg = Images\100013.jpg
		Images\100014.jpg = Images\100014.jpg
		Images\100015.jpg = Images\100015.jpg
		Images\100016.jpg = Images\100016.jpg
		Images\182207a8a7d9395d7a194ed8ab49a459.jpg = Images\182207a8a7d9395d7a194ed8ab49a459.jpg
		Images\1874634138e09cdb85d18a8f0e22dc5a.jpg = Images\1874634138e09cdb85d18a8f0e22dc5a.jpg
		Images\2705088fc5b00edd88ed97bc0844deb5.jpg = Images\2705088fc5b00edd88ed97bc0844deb5.jpg
		Images\292cc193927f45611b932bb2397b19cf.jpg = Images\292cc193927f45611b932bb2397b19cf.jpg
		Images\40b355fa80da5b9dab7c19d78374263e.jpg = Images\40b355fa80da5b9dab7c19d78374263e.jpg
		Images\40b355fa80da5b9dab7cd19d78374263e.jpg = Images\40b355fa80da5b9dab7cd19d78374263e.jpg
		Images\669fb96e4e5a084f901b0af96495edec.jpg = Images\669fb96e4e5a084f901b0af96495edec.jpg
		Images\7cc805e6ec9af483f7f70889462cf716.jpg = Images\7cc805e6ec9af483f7f70889462cf716.jpg
		Images\963f374722c977e37204962f469ad59b.jpg = Images\963f374722c977e37204962f469ad59b.jpg
		Images\9b2664204ecdd01a2f23727463be20fc.jpg = Images\9b2664204ecdd01a2f23727463be20fc.jpg
		Images\9c5bf2d7447e09fcdbfeb55c87fb5a5a.jpg = Images\9c5bf2d7447e09fcdbfeb55c87fb5a5a.jpg
		Images\a7dd3c6751edf44e95823d051cba65ed.jpg = Images\a7dd3c6751edf44e95823d051cba65ed.jpg
		Images\a7dd3c6751edf44e95823d051cba65eds.jpg = Images\a7dd3c6751edf44e95823d051cba65eds.jpg
		Images\ac2bf12f1916d363c751758025d98f5d.jpg = Images\ac2bf12f1916d363c751758025d98f5d.jpg
		Images\add.png = Images\add.png
		Images\aec90fb9f66c6b98904d07a40bed5155.jpg = Images\aec90fb9f66c6b98904d07a40bed5155.jpg
		Images\afa1b77e9beeb3cf65bd8ac8343e7055.jpg = Images\afa1b77e9beeb3cf65bd8ac8343e7055.jpg
		Images\b08584521b32269d365a58b25a4c3e4c.jpg = Images\b08584521b32269d365a58b25a4c3e4c.jpg
		Images\backgroundButt.jpg = Images\backgroundButt.jpg
		Images\cakee.jpg.jpg = Images\cakee.jpg.jpg
		Images\d1aac7344c69b98c1696b53feab9ebc5.jpg = Images\d1aac7344c69b98c1696b53feab9ebc5.jpg
		Images\cartIm.jpg = Images\cartIm.jpg
		Images\d1aac7344c69b98c169j6b53feab9ebc5.jpg = Images\d1aac7344c69b98c169j6b53feab9ebc5.jpg
		Images\d3e5b8beb29948ae4b882b69fba306af.jpg = Images\d3e5b8beb29948ae4b882b69fba306af.jpg
		Images\d598fd1b535788b6612ea3d59bc0adaf.jpg = Images\d598fd1b535788b6612ea3d59bc0adaf.jpg
		Images\da3e5fa0106ed639550c8de500205d17.jpg = Images\da3e5fa0106ed639550c8de500205d17.jpg
		Images\dafabaa00f7d5285430b42c6ac8403aa.jpg = Images\dafabaa00f7d5285430b42c6ac8403aa.jpg
		Images\ea97bb5b183d5326275cf147d45eef4e.jpg = Images\ea97bb5b183d5326275cf147d45eef4e.jpg
		Images\ec7757d35d6348fb467717363f1b0675.jpg = Images\ec7757d35d6348fb467717363f1b0675.jpg
		Images\images.jpg = Images\images.jpg
		Images\emptyCart.jpg = Images\emptyCart.jpg
		Images\low.png = Images\low.png
		Images\noPicture.jpg = Images\noPicture.jpg
		Images\MainWindow.jpg = Images\MainWindow.jpg
		Images\pic.jpg.png = Images\pic.jpg.png
		Images\pic2.png = Images\pic2.png
		Images\הורדה.png = Images\הורדה.png
		Images\צילום מסך 2022-12-05 235540.png = Images\צילום מסך 2022-12-05 235540.png
		Images\צילום מסך 2022-12-06 002011.png = Images\צילום מסך 2022-12-06 002011.png
		Images\צילום מסך 2022-12-06 002023.png = Images\צילום מסך 2022-12-06 002023.png
	EndProjectSection
EndProject
Global
	GlobalSection(SolutionConfigurationPlatforms) = preSolution
		Debug|Any CPU = Debug|Any CPU
		Release|Any CPU = Release|Any CPU
	EndGlobalSection
	GlobalSection(ProjectConfigurationPlatforms) = postSolution
		{6E77F1C8-B94D-4228-9341-C09EF9F497A0}.Debug|Any CPU.ActiveCfg = Debug|Any CPU
		{6E77F1C8-B94D-4228-9341-C09EF9F497A0}.Debug|Any CPU.Build.0 = Debug|Any CPU
		{6E77F1C8-B94D-4228-9341-C09EF9F497A0}.Release|Any CPU.ActiveCfg = Release|Any CPU
		{6E77F1C8-B94D-4228-9341-C09EF9F497A0}.Release|Any CPU.Build.0 = Release|Any CPU
		{41534DBC-748A-4535-BDAD-326D4EE5E512}.Debug|Any CPU.ActiveCfg = Debug|Any CPU
		{41534DBC-748A-4535-BDAD-326D4EE5E512}.Debug|Any CPU.Build.0 = Debug|Any CPU
		{41534DBC-748A-4535-BDAD-326D4EE5E512}.Release|Any CPU.ActiveCfg = Release|Any CPU
		{41534DBC-748A-4535-BDAD-326D4EE5E512}.Release|Any CPU.Build.0 = Release|Any CPU
		{324BE52A-4080-4A19-9D27-621D049D1807}.Debug|Any CPU.ActiveCfg = Debug|Any CPU
		{324BE52A-4080-4A19-9D27-621D049D1807}.Debug|Any CPU.Build.0 = Debug|Any CPU
		{324BE52A-4080-4A19-9D27-621D049D1807}.Release|Any CPU.ActiveCfg = Release|Any CPU
		{324BE52A-4080-4A19-9D27-621D049D1807}.Release|Any CPU.Build.0 = Release|Any CPU
		{3ECC3E93-7E86-46AC-B019-F76857B7CE85}.Debug|Any CPU.ActiveCfg = Debug|Any CPU
		{3ECC3E93-7E86-46AC-B019-F76857B7CE85}.Debug|Any CPU.Build.0 = Debug|Any CPU
		{3ECC3E93-7E86-46AC-B019-F76857B7CE85}.Release|Any CPU.ActiveCfg = Release|Any CPU
		{3ECC3E93-7E86-46AC-B019-F76857B7CE85}.Release|Any CPU.Build.0 = Release|Any CPU
		{2C0F886F-E2D6-492F-8318-541D051D44AC}.Debug|Any CPU.ActiveCfg = Debug|Any CPU
		{2C0F886F-E2D6-492F-8318-541D051D44AC}.Debug|Any CPU.Build.0 = Debug|Any CPU
		{2C0F886F-E2D6-492F-8318-541D051D44AC}.Release|Any CPU.ActiveCfg = Release|Any CPU
		{2C0F886F-E2D6-492F-8318-541D051D44AC}.Release|Any CPU.Build.0 = Release|Any CPU
		{B40B7AC5-103D-401D-A172-0EE0B0DDEBB9}.Debug|Any CPU.ActiveCfg = Debug|Any CPU
		{B40B7AC5-103D-401D-A172-0EE0B0DDEBB9}.Debug|Any CPU.Build.0 = Debug|Any CPU
		{B40B7AC5-103D-401D-A172-0EE0B0DDEBB9}.Release|Any CPU.ActiveCfg = Release|Any CPU
		{B40B7AC5-103D-401D-A172-0EE0B0DDEBB9}.Release|Any CPU.Build.0 = Release|Any CPU
		{7D169CAB-D1E8-49AD-8928-109298FDF023}.Debug|Any CPU.ActiveCfg = Debug|Any CPU
		{7D169CAB-D1E8-49AD-8928-109298FDF023}.Debug|Any CPU.Build.0 = Debug|Any CPU
		{7D169CAB-D1E8-49AD-8928-109298FDF023}.Release|Any CPU.ActiveCfg = Release|Any CPU
		{7D169CAB-D1E8-49AD-8928-109298FDF023}.Release|Any CPU.Build.0 = Release|Any CPU
	EndGlobalSection
	GlobalSection(SolutionProperties) = preSolution
		HideSolutionNode = FALSE
	EndGlobalSection
	GlobalSection(ExtensibilityGlobals) = postSolution
		SolutionGuid = {DE7E8921-A8F6-409A-9147-F11552ECB586}
	EndGlobalSection
EndGlobal
